{
  "version": 4,
  "terraform_version": "0.12.4",
  "serial": 3,
  "lineage": "16229626-4c62-0c61-9698-b0acb0f3e17f",
  "outputs": {},
  "resources": [
    {
      "mode": "managed",
      "type": "google_container_cluster",
      "name": "gke-cluster",
      "provider": "provider.google",
      "instances": [
        {
          "schema_version": 1,
          "attributes": {
            "additional_zones": [],
            "addons_config": [
              {
                "horizontal_pod_autoscaling": [],
                "http_load_balancing": [],
                "kubernetes_dashboard": [
                  {
                    "disabled": true
                  }
                ],
                "network_policy_config": [
                  {
                    "disabled": true
                  }
                ]
              }
            ],
            "cluster_autoscaling": [],
            "cluster_ipv4_cidr": "10.56.0.0/14",
            "description": "",
            "enable_binary_authorization": null,
            "enable_intranode_visibility": null,
            "enable_kubernetes_alpha": false,
            "enable_legacy_abac": false,
            "enable_tpu": null,
            "endpoint": "35.189.250.163",
            "id": "my-first-gke-cluster",
            "initial_node_count": 3,
            "instance_group_urls": [
              "https://www.googleapis.com/compute/v1/projects/lyrical-bolt-246610/zones/europe-west1-b/instanceGroups/gke-my-first-gke-cluster-default-pool-3708d61a-grp"
            ],
            "ip_allocation_policy": [],
            "location": "europe-west1-b",
            "logging_service": "logging.googleapis.com",
            "maintenance_policy": [],
            "master_auth": [
              {
                "client_certificate": "",
                "client_certificate_config": [
                  {
                    "issue_client_certificate": false
                  }
                ],
                "client_key": "",
                "cluster_ca_certificate": "LS0tLS1CRUdJTiBDRVJUSUZJQ0FURS0tLS0tCk1JSURERENDQWZTZ0F3SUJBZ0lSQUlmcnY4WXBqNk1QczhTVUdyN0hSeW93RFFZSktvWklodmNOQVFFTEJRQXcKTHpFdE1Dc0dBMVVFQXhNa01qSTFPVGswWVRVdE1XTmhZaTAwT0dWbExUa3hPVGt0TkRaaFpUVXpZMk15WVRnNQpNQjRYRFRFNU1EY3hNekV6TWpBME5Wb1hEVEkwTURjeE1URTBNakEwTlZvd0x6RXRNQ3NHQTFVRUF4TWtNakkxCk9UazBZVFV0TVdOaFlpMDBPR1ZsTFRreE9Ua3RORFpoWlRVelkyTXlZVGc1TUlJQklqQU5CZ2txaGtpRzl3MEIKQVFFRkFBT0NBUThBTUlJQkNnS0NBUUVBNWZhbGNObyswNnZxMmdZU3FYSmNrSnMwaC84azhGQ0FoR1RlZTFpdwpGQ0hraWZ1SFNJVlVFdlYzcGZiSUtaQ1VYVGpqYVBMYkJzRHpPUDRkdTZyL1hSSUV6a0hkSzhHQUdpUnlRRndCClJrSFNMK1VGNmdOTjdwNkRLbHMvZC9CeS9FYVhlVUVmUlZlV055TGJvTklMMzdFRjRzOEROTFE4NW1oYWNyTEUKanlWMFRMbEMyTFNDRFcrOHNWV0lVVUk3MGRwaG1ocnBEaFphVUlMY2pYVnpoaW5PVGJLUVhkRmgrWGx1cGo4eQpqdDJCMVJ6Zjd4RGFGTlR1MEliWXY3Vm1OSzdRTW5nK3VFUVdEUFEyM0RONVdNZFhyOUtxQnk3cDNXS3RxKzdJClk4WS8zYXNCQzRoUm80ZFI3c2x4N2xtcDJqSEE1QzRvdjJuTFZGdlJJb0FEM3dJREFRQUJveU13SVRBT0JnTlYKSFE4QkFmOEVCQU1DQWdRd0R3WURWUjBUQVFIL0JBVXdBd0VCL3pBTkJna3Foa2lHOXcwQkFRc0ZBQU9DQVFFQQpKTTJWUy9sS2VkajFHdU9WZFp4TWxPazUvbEljMEk2QVZCV2hSdHExM3F2R1hXVTh5VDRzd1ZvR09OSU1lU1ArCjdXbnlYNHV2YW1sRnhwdmJEOEc5dS9TS3RTWW5WUy91dzkrbzFXckpRcGhTK0J3SmZkQUNKUmEwb1RBeHdGaDAKK011Mzh1OGdTMVMrT3F1MkFOT1VhQlFwWlRoMTJvMC94QloyWjV4MVZlRElOS1FuS2pLY29JZ2ViKzRHelAxOQpybzIyRWRGK2xIUzZ5UUcxMEZVbzZ5NjkvNG5yZkJaV0lTajNzckZHQVFJTEVMcmozUEhJK1ZDQjNpU21DbkNqCnl3WStnQlZkdFdLb3l3Q3FVQTV3b0xCQWRNcHpZbFRSWEVtUmhtOU1BVmROM0hDcGNFRGVJTjhKMDhmNEEyTmsKNGhYeG9HWnpBMk9rWkFPL0pHRFdWQT09Ci0tLS0tRU5EIENFUlRJRklDQVRFLS0tLS0K",
                "password": "",
                "username": ""
              }
            ],
            "master_authorized_networks_config": [],
            "master_version": "1.12.8-gke.10",
            "min_master_version": null,
            "monitoring_service": "monitoring.googleapis.com",
            "name": "my-first-gke-cluster",
            "network": "projects/lyrical-bolt-246610/global/networks/default",
            "network_policy": [
              {
                "enabled": false,
                "provider": "PROVIDER_UNSPECIFIED"
              }
            ],
            "node_config": [
              {
                "disk_size_gb": 100,
                "disk_type": "pd-standard",
                "guest_accelerator": [],
                "image_type": "COS",
                "labels": {},
                "local_ssd_count": 0,
                "machine_type": "n1-standard-1",
                "metadata": {
                  "disable-legacy-endpoints": "true"
                },
                "min_cpu_platform": "",
                "oauth_scopes": [
                  "https://www.googleapis.com/auth/devstorage.read_only",
                  "https://www.googleapis.com/auth/logging.write",
                  "https://www.googleapis.com/auth/monitoring",
                  "https://www.googleapis.com/auth/service.management.readonly",
                  "https://www.googleapis.com/auth/servicecontrol",
                  "https://www.googleapis.com/auth/trace.append"
                ],
                "preemptible": false,
                "sandbox_config": [],
                "service_account": "default",
                "tags": [],
                "taint": [],
                "workload_metadata_config": []
              }
            ],
            "node_locations": [],
            "node_pool": [
              {
                "autoscaling": [],
                "initial_node_count": 3,
                "instance_group_urls": [
                  "https://www.googleapis.com/compute/v1/projects/lyrical-bolt-246610/zones/europe-west1-b/instanceGroupManagers/gke-my-first-gke-cluster-default-pool-3708d61a-grp"
                ],
                "management": [
                  {
                    "auto_repair": false,
                    "auto_upgrade": false
                  }
                ],
                "max_pods_per_node": 0,
                "name": "default-pool",
                "name_prefix": "",
                "node_config": [
                  {
                    "disk_size_gb": 100,
                    "disk_type": "pd-standard",
                    "guest_accelerator": [],
                    "image_type": "COS",
                    "labels": {},
                    "local_ssd_count": 0,
                    "machine_type": "n1-standard-1",
                    "metadata": {
                      "disable-legacy-endpoints": "true"
                    },
                    "min_cpu_platform": "",
                    "oauth_scopes": [
                      "https://www.googleapis.com/auth/devstorage.read_only",
                      "https://www.googleapis.com/auth/logging.write",
                      "https://www.googleapis.com/auth/monitoring",
                      "https://www.googleapis.com/auth/service.management.readonly",
                      "https://www.googleapis.com/auth/servicecontrol",
                      "https://www.googleapis.com/auth/trace.append"
                    ],
                    "preemptible": false,
                    "sandbox_config": [],
                    "service_account": "default",
                    "tags": [],
                    "taint": [],
                    "workload_metadata_config": []
                  }
                ],
                "node_count": 3,
                "version": "1.12.8-gke.10"
              }
            ],
            "node_version": "1.12.8-gke.10",
            "pod_security_policy_config": [],
            "private_cluster_config": [],
            "project": "lyrical-bolt-246610",
            "region": null,
            "remove_default_node_pool": null,
            "resource_labels": null,
            "services_ipv4_cidr": "10.59.240.0/20",
            "subnetwork": "projects/lyrical-bolt-246610/regions/europe-west1/subnetworks/default",
            "timeouts": null,
            "zone": "europe-west1-b"
          },
          "private": "eyJlMmJmYjczMC1lY2FhLTExZTYtOGY4OC0zNDM2M2JjN2M0YzAiOnsiY3JlYXRlIjoxODAwMDAwMDAwMDAwLCJkZWxldGUiOjE4MDAwMDAwMDAwMDAsInVwZGF0ZSI6MzYwMDAwMDAwMDAwMH0sInNjaGVtYV92ZXJzaW9uIjoiMSJ9"
        }
      ]
    },
    {
      "mode": "managed",
      "type": "google_container_node_pool",
      "name": "extra-pool",
      "provider": "provider.google",
      "instances": [
        {
          "schema_version": 1,
          "attributes": {
            "autoscaling": [],
            "cluster": "my-first-gke-cluster",
            "id": "europe-west1-b/my-first-gke-cluster/extra-node-pool",
            "initial_node_count": 3,
            "instance_group_urls": [
              "https://www.googleapis.com/compute/v1/projects/lyrical-bolt-246610/zones/europe-west1-b/instanceGroupManagers/gke-my-first-gke-clus-extra-node-pool-ea72b9d3-grp"
            ],
            "location": "europe-west1-b",
            "management": [
              {
                "auto_repair": false,
                "auto_upgrade": false
              }
            ],
            "max_pods_per_node": null,
            "name": "extra-node-pool",
            "name_prefix": "",
            "node_config": [
              {
                "disk_size_gb": 100,
                "disk_type": "pd-standard",
                "guest_accelerator": [],
                "image_type": "COS",
                "labels": {},
                "local_ssd_count": 0,
                "machine_type": "n1-standard-1",
                "metadata": {
                  "disable-legacy-endpoints": "true"
                },
                "min_cpu_platform": "",
                "oauth_scopes": [
                  "https://www.googleapis.com/auth/devstorage.read_only",
                  "https://www.googleapis.com/auth/logging.write",
                  "https://www.googleapis.com/auth/monitoring",
                  "https://www.googleapis.com/auth/service.management.readonly",
                  "https://www.googleapis.com/auth/servicecontrol",
                  "https://www.googleapis.com/auth/trace.append"
                ],
                "preemptible": false,
                "sandbox_config": [],
                "service_account": "default",
                "tags": [],
                "taint": [],
                "workload_metadata_config": []
              }
            ],
            "node_count": 3,
            "project": "lyrical-bolt-246610",
            "region": null,
            "timeouts": null,
            "version": "1.12.8-gke.10",
            "zone": "europe-west1-b"
          },
          "private": "eyJlMmJmYjczMC1lY2FhLTExZTYtOGY4OC0zNDM2M2JjN2M0YzAiOnsiY3JlYXRlIjoxODAwMDAwMDAwMDAwLCJkZWxldGUiOjYwMDAwMDAwMDAwMCwidXBkYXRlIjo2MDAwMDAwMDAwMDB9LCJzY2hlbWFfdmVyc2lvbiI6IjEifQ==",
          "depends_on": [
            "google_container_cluster.gke-cluster"
          ]
        }
      ]
    }
  ]
}
